
Microsoft Visual Studio Solution File, Format Version 11.00
# Visual Basic Express 2010
Project("{F184B08F-C81C-45F6-A57F-5ABD9991F28F}") = "23_RandomClientes", "23_RandomClientes\23_RandomClientes.vbproj", "{AC0C87C2-8820-4AC7-92F6-0D628EA74AD8}"
EndProject
Global
	GlobalSection(SolutionConfigurationPlatforms) = preSolution
		Debug|x86 = Debug|x86
		Release|x86 = Release|x86
	EndGlobalSection
	GlobalSection(ProjectConfigurationPlatforms) = postSolution
		{AC0C87C2-8820-4AC7-92F6-0D628EA74AD8}.Debug|x86.ActiveCfg = Debug|x86
		{AC0C87C2-8820-4AC7-92F6-0D628EA74AD8}.Debug|x86.Build.0 = Debug|x86
		{AC0C87C2-8820-4AC7-92F6-0D628EA74AD8}.Release|x86.ActiveCfg = Release|x86
		{AC0C87C2-8820-4AC7-92F6-0D628EA74AD8}.Release|x86.Build.0 = Release|x86
	EndGlobalSection
	GlobalSection(SolutionProperties) = preSolution
		HideSolutionNode = FALSE
	EndGlobalSection
EndGlobal
